
Microsoft Visual Studio Solution File, Format Version 12.00
# Visual Studio 2012
Project("{FAE04EC0-301F-11D3-BF4B-00C04F79EFBC}") = "PullToRefreshLVSample.Android", "PullToRefreshLVSample.Android\PullToRefreshLVSample.Android.csproj", "{B316A6A7-E8DE-40A4-B4B7-34FED109538B}"
EndProject
Project("{FAE04EC0-301F-11D3-BF4B-00C04F79EFBC}") = "PullToRefreshLVSample.iOS", "PullToRefreshLVSample.iOS\PullToRefreshLVSample.iOS.csproj", "{5DFB7CE3-3574-4100-8048-F8B53D6E4478}"
EndProject
Project("{FAE04EC0-301F-11D3-BF4B-00C04F79EFBC}") = "PullToRefreshLVSample", "PullToRefreshLVSample\PullToRefreshLVSample.csproj", "{573C72E0-371B-4612-B04A-4512AE461E94}"
EndProject
Global
	GlobalSection(SolutionConfigurationPlatforms) = preSolution
		Debug|Any CPU = Debug|Any CPU
		Release|Any CPU = Release|Any CPU
		Debug|iPhoneSimulator = Debug|iPhoneSimulator
		Release|iPhoneSimulator = Release|iPhoneSimulator
		Debug|iPhone = Debug|iPhone
		Release|iPhone = Release|iPhone
		Ad-Hoc|iPhone = Ad-Hoc|iPhone
		AppStore|iPhone = AppStore|iPhone
	EndGlobalSection
	GlobalSection(ProjectConfigurationPlatforms) = postSolution
		{B316A6A7-E8DE-40A4-B4B7-34FED109538B}.Debug|Any CPU.ActiveCfg = Debug|Any CPU
		{B316A6A7-E8DE-40A4-B4B7-34FED109538B}.Debug|Any CPU.Build.0 = Debug|Any CPU
		{B316A6A7-E8DE-40A4-B4B7-34FED109538B}.Release|Any CPU.ActiveCfg = Release|Any CPU
		{B316A6A7-E8DE-40A4-B4B7-34FED109538B}.Release|Any CPU.Build.0 = Release|Any CPU
		{B316A6A7-E8DE-40A4-B4B7-34FED109538B}.Debug|iPhoneSimulator.ActiveCfg = Debug|Any CPU
		{B316A6A7-E8DE-40A4-B4B7-34FED109538B}.Debug|iPhoneSimulator.Build.0 = Debug|Any CPU
		{B316A6A7-E8DE-40A4-B4B7-34FED109538B}.Release|iPhoneSimulator.ActiveCfg = Release|Any CPU
		{B316A6A7-E8DE-40A4-B4B7-34FED109538B}.Release|iPhoneSimulator.Build.0 = Release|Any CPU
		{B316A6A7-E8DE-40A4-B4B7-34FED109538B}.Debug|iPhone.ActiveCfg = Debug|Any CPU
		{B316A6A7-E8DE-40A4-B4B7-34FED109538B}.Debug|iPhone.Build.0 = Debug|Any CPU
		{B316A6A7-E8DE-40A4-B4B7-34FED109538B}.Release|iPhone.ActiveCfg = Release|Any CPU
		{B316A6A7-E8DE-40A4-B4B7-34FED109538B}.Release|iPhone.Build.0 = Release|Any CPU
		{B316A6A7-E8DE-40A4-B4B7-34FED109538B}.Ad-Hoc|iPhone.ActiveCfg = Debug|Any CPU
		{B316A6A7-E8DE-40A4-B4B7-34FED109538B}.Ad-Hoc|iPhone.Build.0 = Debug|Any CPU
		{B316A6A7-E8DE-40A4-B4B7-34FED109538B}.AppStore|iPhone.ActiveCfg = Debug|Any CPU
		{B316A6A7-E8DE-40A4-B4B7-34FED109538B}.AppStore|iPhone.Build.0 = Debug|Any CPU
		{5DFB7CE3-3574-4100-8048-F8B53D6E4478}.Debug|Any CPU.ActiveCfg = Debug|iPhoneSimulator
		{5DFB7CE3-3574-4100-8048-F8B53D6E4478}.Debug|Any CPU.Build.0 = Debug|iPhoneSimulator
		{5DFB7CE3-3574-4100-8048-F8B53D6E4478}.Release|Any CPU.ActiveCfg = Release|iPhoneSimulator
		{5DFB7CE3-3574-4100-8048-F8B53D6E4478}.Release|Any CPU.Build.0 = Release|iPhoneSimulator
		{5DFB7CE3-3574-4100-8048-F8B53D6E4478}.Debug|iPhoneSimulator.ActiveCfg = Debug|iPhoneSimulator
		{5DFB7CE3-3574-4100-8048-F8B53D6E4478}.Debug|iPhoneSimulator.Build.0 = Debug|iPhoneSimulator
		{5DFB7CE3-3574-4100-8048-F8B53D6E4478}.Release|iPhoneSimulator.ActiveCfg = Release|iPhoneSimulator
		{5DFB7CE3-3574-4100-8048-F8B53D6E4478}.Release|iPhoneSimulator.Build.0 = Release|iPhoneSimulator
		{5DFB7CE3-3574-4100-8048-F8B53D6E4478}.Debug|iPhone.ActiveCfg = Debug|iPhone
		{5DFB7CE3-3574-4100-8048-F8B53D6E4478}.Debug|iPhone.Build.0 = Debug|iPhone
		{5DFB7CE3-3574-4100-8048-F8B53D6E4478}.Release|iPhone.ActiveCfg = Release|iPhone
		{5DFB7CE3-3574-4100-8048-F8B53D6E4478}.Release|iPhone.Build.0 = Release|iPhone
		{5DFB7CE3-3574-4100-8048-F8B53D6E4478}.Ad-Hoc|iPhone.ActiveCfg = Ad-Hoc|iPhone
		{5DFB7CE3-3574-4100-8048-F8B53D6E4478}.Ad-Hoc|iPhone.Build.0 = Ad-Hoc|iPhone
		{5DFB7CE3-3574-4100-8048-F8B53D6E4478}.AppStore|iPhone.ActiveCfg = AppStore|iPhone
		{5DFB7CE3-3574-4100-8048-F8B53D6E4478}.AppStore|iPhone.Build.0 = AppStore|iPhone
		{573C72E0-371B-4612-B04A-4512AE461E94}.Debug|Any CPU.ActiveCfg = Debug|Any CPU
		{573C72E0-371B-4612-B04A-4512AE461E94}.Debug|Any CPU.Build.0 = Debug|Any CPU
		{573C72E0-371B-4612-B04A-4512AE461E94}.Release|Any CPU.ActiveCfg = Release|Any CPU
		{573C72E0-371B-4612-B04A-4512AE461E94}.Release|Any CPU.Build.0 = Release|Any CPU
		{573C72E0-371B-4612-B04A-4512AE461E94}.Debug|iPhoneSimulator.ActiveCfg = Debug|Any CPU
		{573C72E0-371B-4612-B04A-4512AE461E94}.Debug|iPhoneSimulator.Build.0 = Debug|Any CPU
		{573C72E0-371B-4612-B04A-4512AE461E94}.Release|iPhoneSimulator.ActiveCfg = Release|Any CPU
		{573C72E0-371B-4612-B04A-4512AE461E94}.Release|iPhoneSimulator.Build.0 = Release|Any CPU
		{573C72E0-371B-4612-B04A-4512AE461E94}.Debug|iPhone.ActiveCfg = Debug|Any CPU
		{573C72E0-371B-4612-B04A-4512AE461E94}.Debug|iPhone.Build.0 = Debug|Any CPU
		{573C72E0-371B-4612-B04A-4512AE461E94}.Release|iPhone.ActiveCfg = Release|Any CPU
		{573C72E0-371B-4612-B04A-4512AE461E94}.Release|iPhone.Build.0 = Release|Any CPU
		{573C72E0-371B-4612-B04A-4512AE461E94}.Ad-Hoc|iPhone.ActiveCfg = Debug|Any CPU
		{573C72E0-371B-4612-B04A-4512AE461E94}.Ad-Hoc|iPhone.Build.0 = Debug|Any CPU
		{573C72E0-371B-4612-B04A-4512AE461E94}.AppStore|iPhone.ActiveCfg = Debug|Any CPU
		{573C72E0-371B-4612-B04A-4512AE461E94}.AppStore|iPhone.Build.0 = Debug|Any CPU
	EndGlobalSection
EndGlobal
